PODS:
  - FlutterMacOS (1.0.0)
  - hid_activity_macos (0.0.1):
    - FlutterMacOS

DEPENDENCIES:
  - FlutterMacOS (from `Flutter/ephemeral`)
  - hid_activity_macos (from `Flutter/ephemeral/.symlinks/plugins/hid_activity_macos/macos`)

EXTERNAL SOURCES:
  FlutterMacOS:
    :path: Flutter/ephemeral
  hid_activity_macos:
    :path: Flutter/ephemeral/.symlinks/plugins/hid_activity_macos/macos

SPEC CHECKSUMS:
  FlutterMacOS: 57701585bf7de1b3fc2bb61f6378d73bbdea8424
  hid_activity_macos: 6f5b9fe8b80fa4a3329b9037f778d0f212653ce6

PODFILE CHECKSUM: 6eac6b3292e5142cfc23bdeb71848a40ec51c14c

COCOAPODS: 1.11.3
